
Microsoft Visual Studio Solution File, Format Version 12.00
# Visual Studio 2013
VisualStudioVersion = 12.0.40629.0
MinimumVisualStudioVersion = 10.0.40219.1
Project("{8BC9CEB8-8B4A-11D0-8D11-00A0C91BC942}") = "Garage_dialog", "Garage_dialog\Garage_dialog.vcxproj", "{742E0BF7-65EC-41E2-B542-A634E5D357A7}"
EndProject
Project("{8BC9CEB8-8B4A-11D0-8D11-00A0C91BC942}") = "Elevator_dialog", "Elevator_dialog\Elevator_dialog.vcxproj", "{A62E5BAB-A6B5-44C5-AE64-1C8E48F90773}"
EndProject
Project("{8BC9CEB8-8B4A-11D0-8D11-00A0C91BC942}") = "ConsoleApplication1", "ConsoleApplication1\ConsoleApplication1.vcxproj", "{28890D26-F101-4EB8-A2D7-F7174EEE49D9}"
EndProject
Global
	GlobalSection(SolutionConfigurationPlatforms) = preSolution
		Debug|Win32 = Debug|Win32
		Release|Win32 = Release|Win32
	EndGlobalSection
	GlobalSection(ProjectConfigurationPlatforms) = postSolution
		{742E0BF7-65EC-41E2-B542-A634E5D357A7}.Debug|Win32.ActiveCfg = Debug|Win32
		{742E0BF7-65EC-41E2-B542-A634E5D357A7}.Debug|Win32.Build.0 = Debug|Win32
		{742E0BF7-65EC-41E2-B542-A634E5D357A7}.Release|Win32.ActiveCfg = Release|Win32
		{742E0BF7-65EC-41E2-B542-A634E5D357A7}.Release|Win32.Build.0 = Release|Win32
		{A62E5BAB-A6B5-44C5-AE64-1C8E48F90773}.Debug|Win32.ActiveCfg = Debug|Win32
		{A62E5BAB-A6B5-44C5-AE64-1C8E48F90773}.Debug|Win32.Build.0 = Debug|Win32
		{A62E5BAB-A6B5-44C5-AE64-1C8E48F90773}.Release|Win32.ActiveCfg = Release|Win32
		{A62E5BAB-A6B5-44C5-AE64-1C8E48F90773}.Release|Win32.Build.0 = Release|Win32
		{28890D26-F101-4EB8-A2D7-F7174EEE49D9}.Debug|Win32.ActiveCfg = Debug|Win32
		{28890D26-F101-4EB8-A2D7-F7174EEE49D9}.Debug|Win32.Build.0 = Debug|Win32
		{28890D26-F101-4EB8-A2D7-F7174EEE49D9}.Release|Win32.ActiveCfg = Release|Win32
		{28890D26-F101-4EB8-A2D7-F7174EEE49D9}.Release|Win32.Build.0 = Release|Win32
	EndGlobalSection
	GlobalSection(SolutionProperties) = preSolution
		HideSolutionNode = FALSE
	EndGlobalSection
EndGlobal
